// !$*UTF8*$!
{
	archiveVersion = 1;
	classes = {
	};
	objectVersion = 46;
	objects = {

/* Begin PBXBuildFile section */
		6B143EDC1E7630EA00757946 /* AppDelegate.m in Sources */ = {isa = PBXBuildFile; fileRef = 6B143EDB1E7630EA00757946 /* AppDelegate.m */; };
		6B143EDF1E7630EA00757946 /* main.m in Sources */ = {isa = PBXBuildFile; fileRef = 6B143EDE1E7630EA00757946 /* main.m */; };
		6B143EE21E7630EA00757946 /* ViewController.m in Sources */ = {isa = PBXBuildFile; fileRef = 6B143EE11E7630EA00757946 /* ViewController.m */; };
		6B143EE41E7630EA00757946 /* Assets.xcassets in Resources */ = {isa = PBXBuildFile; fileRef = 6B143EE31E7630EA00757946 /* Assets.xcassets */; };
		6B143EE71E7630EA00757946 /* Main.storyboard in Resources */ = {isa = PBXBuildFile; fileRef = 6B143EE51E7630EA00757946 /* Main.storyboard */; };
		6B143EF21E7630EA00757946 /* appIconTests.m in Sources */ = {isa = PBXBuildFile; fileRef = 6B143EF11E7630EA00757946 /* appIconTests.m */; };
		6B143EFD1E7630EA00757946 /* appIconUITests.m in Sources */ = {isa = PBXBuildFile; fileRef = 6B143EFC1E7630EA00757946 /* appIconUITests.m */; };
/* End PBXBuildFile section */

/* Begin PBXContainerItemProxy section */
		6B143EEE1E7630EA00757946 /* PBXContainerItemProxy */ = {
			isa = PBXContainerItemProxy;
			containerPortal = 6B143ECF1E7630EA00757946 /* Project object */;
			proxyType = 1;
			remoteGlobalIDString = 6B143ED61E7630EA00757946;
			remoteInfo = appIcon;
		};
		6B143EF91E7630EA00757946 /* PBXContainerItemProxy */ = {
			isa = PBXContainerItemProxy;
			containerPortal = 6B143ECF1E7630EA00757946 /* Project object */;
			proxyType = 1;
			remoteGlobalIDString = 6B143ED61E7630EA00757946;
			remoteInfo = appIcon;
		};
/* End PBXContainerItemProxy section */

/* Begin PBXFileReference section */
		6B143ED71E7630EA00757946 /* appIcon.app */ = {isa = PBXFileReference; explicitFileType = wrapper.application; includeInIndex = 0; path = appIcon.app; sourceTree = BUILT_PRODUCTS_DIR; };
		6B143EDA1E7630EA00757946 /* AppDelegate.h */ = {isa = PBXFileReference; lastKnownFileType = sourcecode.c.h; path = AppDelegate.h; sourceTree = "<group>"; };
		6B143EDB1E7630EA00757946 /* AppDelegate.m */ = {isa = PBXFileReference; lastKnownFileType = sourcecode.c.objc; path = AppDelegate.m; sourceTree = "<group>"; };
		6B143EDE1E7630EA00757946 /* main.m */ = {isa = PBXFileReference; lastKnownFileType = sourcecode.c.objc; path = main.m; sourceTree = "<group>"; };
		6B143EE01E7630EA00757946 /* ViewController.h */ = {isa = PBXFileReference; lastKnownFileType = sourcecode.c.h; path = ViewController.h; sourceTree = "<group>"; };
		6B143EE11E7630EA00757946 /* ViewController.m */ = {isa = PBXFileReference; lastKnownFileType = sourcecode.c.objc; path = ViewController.m; sourceTree = "<group>"; };
		6B143EE31E7630EA00757946 /* Assets.xcassets */ = {isa = PBXFileReference; lastKnownFileType = folder.assetcatalog; path = Assets.xcassets; sourceTree = "<group>"; };
		6B143EE61E7630EA00757946 /* Base */ = {isa = PBXFileReference; lastKnownFileType = file.storyboard; name = Base; path = Base.lproj/Main.storyboard; sourceTree = "<group>"; };
		6B143EE81E7630EA00757946 /* Info.plist */ = {isa = PBXFileReference; lastKnownFileType = text.plist.xml; path = Info.plist; sourceTree = "<group>"; };
		6B143EED1E7630EA00757946 /* appIconTests.xctest */ = {isa = PBXFileReference; explicitFileType = wrapper.cfbundle; includeInIndex = 0; path = appIconTests.xctest; sourceTree = BUILT_PRODUCTS_DIR; };
		6B143EF11E7630EA00757946 /* appIconTests.m */ = {isa = PBXFileReference; lastKnownFileType = sourcecode.c.objc; path = appIconTests.m; sourceTree = "<group>"; };
		6B143EF31E7630EA00757946 /* Info.plist */ = {isa = PBXFileReference; lastKnownFileType = text.plist.xml; path = Info.plist; sourceTree = "<group>"; };
		6B143EF81E7630EA00757946 /* appIconUITests.xctest */ = {isa = PBXFileReference; explicitFileType = wrapper.cfbundle; includeInIndex = 0; path = appIconUITests.xctest; sourceTree = BUILT_PRODUCTS_DIR; };
		6B143EFC1E7630EA00757946 /* appIconUITests.m */ = {isa = PBXFileReference; lastKnownFileType = sourcecode.c.objc; path = appIconUITests.m; sourceTree = "<group>"; };
		6B143EFE1E7630EA00757946 /* Info.plist */ = {isa = PBXFileReference; lastKnownFileType = text.plist.xml; path = Info.plist; sourceTree = "<group>"; };
/* End PBXFileReference section */

/* Begin PBXFrameworksBuildPhase section */
		6B143ED41E7630EA00757946 /* Frameworks */ = {
			isa = PBXFrameworksBuildPhase;
			buildActionMask = 2147483647;
			files = (
			);
			runOnlyForDeploymentPostprocessing = 0;
		};
		6B143EEA1E7630EA00757946 /* Frameworks */ = {
			isa = PBXFrameworksBuildPhase;
			buildActionMask = 2147483647;
			files = (
			);
			runOnlyForDeploymentPostprocessing = 0;
		};
		6B143EF51E7630EA00757946 /* Frameworks */ = {
			isa = PBXFrameworksBuildPhase;
			buildActionMask = 2147483647;
			files = (
			);
			runOnlyForDeploymentPostprocessing = 0;
		};
/* End PBXFrameworksBuildPhase section */

/* Begin PBXGroup section */
		6B143ECE1E7630EA00757946 = {
			isa = PBXGroup;
			children = (
				6B143ED91E7630EA00757946 /* appIcon */,
				6B143EF01E7630EA00757946 /* appIconTests */,
				6B143EFB1E7630EA00757946 /* appIconUITests */,
				6B143ED81E7630EA00757946 /* Products */,
			);
			sourceTree = "<group>";
		};
		6B143ED81E7630EA00757946 /* Products */ = {
			isa = PBXGroup;
			children = (
				6B143ED71E7630EA00757946 /* appIcon.app */,
				6B143EED1E7630EA00757946 /* appIconTests.xctest */,
				6B143EF81E7630EA00757946 /* appIconUITests.xctest */,
			);
			name = Products;
			sourceTree = "<group>";
		};
		6B143ED91E7630EA00757946 /* appIcon */ = {
			isa = PBXGroup;
			children = (
				6B143EDA1E7630EA00757946 /* AppDelegate.h */,
				6B143EDB1E7630EA00757946 /* AppDelegate.m */,
				6B143EE01E7630EA00757946 /* ViewController.h */,
				6B143EE11E7630EA00757946 /* ViewController.m */,
				6B143EE31E7630EA00757946 /* Assets.xcassets */,
				6B143EE51E7630EA00757946 /* Main.storyboard */,
				6B143EE81E7630EA00757946 /* Info.plist */,
				6B143EDD1E7630EA00757946 /* Supporting Files */,
			);
			path = appIcon;
			sourceTree = "<group>";
		};
		6B143EDD1E7630EA00757946 /* Supporting Files */ = {
			isa = PBXGroup;
			children = (
				6B143EDE1E7630EA00757946 /* main.m */,
			);
			name = "Supporting Files";
			sourceTree = "<group>";
		};
		6B143EF01E7630EA00757946 /* appIconTests */ = {
			isa = PBXGroup;
			children = (
				6B143EF11E7630EA00757946 /* appIconTests.m */,
				6B143EF31E7630EA00757946 /* Info.plist */,
			);
			path = appIconTests;
			sourceTree = "<group>";
		};
		6B143EFB1E7630EA00757946 /* appIconUITests */ = {
			isa = PBXGroup;
			children = (
				6B143EFC1E7630EA00757946 /* appIconUITests.m */,
				6B143EFE1E7630EA00757946 /* Info.plist */,
			);
			path = appIconUITests;
			sourceTree = "<group>";
		};
/* End PBXGroup section */

/* Begin PBXNativeTarget section */
		6B143ED61E7630EA00757946 /* appIcon */ = {
			isa = PBXNativeTarget;
			buildConfigurationList = 6B143F011E7630EA00757946 /* Build configuration list for PBXNativeTarget "appIcon" */;
			buildPhases = (
				6B143ED31E7630EA00757946 /* Sources */,
				6B143ED41E7630EA00757946 /* Frameworks */,
				6B143ED51E7630EA00757946 /* Resources */,
			);
			buildRules = (
			);
			dependencies = (
			);
			name = appIcon;
			productName = appIcon;
			productReference = 6B143ED71E7630EA00757946 /* appIcon.app */;
			productType = "com.apple.product-type.application";
		};
		6B143EEC1E7630EA00757946 /* appIconTests */ = {
			isa = PBXNativeTarget;
			buildConfigurationList = 6B143F041E7630EA00757946 /* Build configuration list for PBXNativeTarget "appIconTests" */;
			buildPhases = (
				6B143EE91E7630EA00757946 /* Sources */,
				6B143EEA1E7630EA00757946 /* Frameworks */,
				6B143EEB1E7630EA00757946 /* Resources */,
			);
			buildRules = (
			);
			dependencies = (
				6B143EEF1E7630EA00757946 /* PBXTargetDependency */,
			);
			name = appIconTests;
			productName = appIconTests;
			productReference = 6B143EED1E7630EA00757946 /* appIconTests.xctest */;
			productType = "com.apple.product-type.bundle.unit-test";
		};
		6B143EF71E7630EA00757946 /* appIconUITests */ = {
			isa = PBXNativeTarget;
			buildConfigurationList = 6B143F071E7630EA00757946 /* Build configuration list for PBXNativeTarget "appIconUITests" */;
			buildPhases = (
				6B143EF41E7630EA00757946 /* Sources */,
				6B143EF51E7630EA00757946 /* Frameworks */,
				6B143EF61E7630EA00757946 /* Resources */,
			);
			buildRules = (
			);
			dependencies = (
				6B143EFA1E7630EA00757946 /* PBXTargetDependency */,
			);
			name = appIconUITests;
			productName = appIconUITests;
			productReference = 6B143EF81E7630EA00757946 /* appIconUITests.xctest */;
			productType = "com.apple.product-type.bundle.ui-testing";
		};
/* End PBXNativeTarget section */

/* Begin PBXProject section */
		6B143ECF1E7630EA00757946 /* Project object */ = {
			isa = PBXProject;
			attributes = {
				LastUpgradeCheck = 0820;
				ORGANIZATIONNAME = "伟东云教育";
				TargetAttributes = {
					6B143ED61E7630EA00757946 = {
						CreatedOnToolsVersion = 8.2.1;
						DevelopmentTeam = F8A66433ZE;
						ProvisioningStyle = Automatic;
					};
					6B143EEC1E7630EA00757946 = {
						CreatedOnToolsVersion = 8.2.1;
						DevelopmentTeam = F8A66433ZE;
						ProvisioningStyle = Automatic;
						TestTargetID = 6B143ED61E7630EA00757946;
					};
					6B143EF71E7630EA00757946 = {
						CreatedOnToolsVersion = 8.2.1;
						DevelopmentTeam = F8A66433ZE;
						ProvisioningStyle = Automatic;
						TestTargetID = 6B143ED61E7630EA00757946;
					};
				};
			};
			buildConfigurationList = 6B143ED21E7630EA00757946 /* Build configuration list for PBXProject "appIcon" */;
			compatibilityVersion = "Xcode 3.2";
			developmentRegion = English;
			hasScannedForEncodings = 0;
			knownRegions = (
				en,
				Base,
			);
			mainGroup = 6B143ECE1E7630EA00757946;
			productRefGroup = 6B143ED81E7630EA00757946 /* Products */;
			projectDirPath = "";
			projectRoot = "";
			targets = (
				6B143ED61E7630EA00757946 /* appIcon */,
				6B143EEC1E7630EA00757946 /* appIconTests */,
				6B143EF71E7630EA00757946 /* appIconUITests */,
			);
		};
/* End PBXProject section */

/* Begin PBXResourcesBuildPhase section */
		6B143ED51E7630EA00757946 /* Resources */ = {
			isa = PBXResourcesBuildPhase;
			buildActionMask = 2147483647;
			files = (
				6B143EE41E7630EA00757946 /* Assets.xcassets in Resources */,
				6B143EE71E7630EA00757946 /* Main.storyboard in Resources */,
			);
			runOnlyForDeploymentPostprocessing = 0;
		};
		6B143EEB1E7630EA00757946 /* Resources */ = {
			isa = PBXResourcesBuildPhase;
			buildActionMask = 2147483647;
			files = (
			);
			runOnlyForDeploymentPostprocessing = 0;
		};
		6B143EF61E7630EA00757946 /* Resources */ = {
			isa = PBXResourcesBuildPhase;
			buildActionMask = 2147483647;
			files = (
			);
			runOnlyForDeploymentPostprocessing = 0;
		};
/* End PBXResourcesBuildPhase section */

/* Begin PBXSourcesBuildPhase section */
		6B143ED31E7630EA00757946 /* Sources */ = {
			isa = PBXSourcesBuildPhase;
			buildActionMask = 2147483647;
			files = (
				6B143EE21E7630EA00757946 /* ViewController.m in Sources */,
				6B143EDF1E7630EA00757946 /* main.m in Sources */,
				6B143EDC1E7630EA00757946 /* AppDelegate.m in Sources */,
			);
			runOnlyForDeploymentPostprocessing = 0;
		};
		6B143EE91E7630EA00757946 /* Sources */ = {
			isa = PBXSourcesBuildPhase;
			buildActionMask = 2147483647;
			files = (
				6B143EF21E7630EA00757946 /* appIconTests.m in Sources */,
			);
			runOnlyForDeploymentPostprocessing = 0;
		};
		6B143EF41E7630EA00757946 /* Sources */ = {
			isa = PBXSourcesBuildPhase;
			buildActionMask = 2147483647;
			files = (
				6B143EFD1E7630EA00757946 /* appIconUITests.m in Sources */,
			);
			runOnlyForDeploymentPostprocessing = 0;
		};
/* End PBXSourcesBuildPhase section */

/* Begin PBXTargetDependency section */
		6B143EEF1E7630EA00757946 /* PBXTargetDependency */ = {
			isa = PBXTargetDependency;
			target = 6B143ED61E7630EA00757946 /* appIcon */;
			targetProxy = 6B143EEE1E7630EA00757946 /* PBXContainerItemProxy */;
		};
		6B143EFA1E7630EA00757946 /* PBXTargetDependency */ = {
			isa = PBXTargetDependency;
			target = 6B143ED61E7630EA00757946 /* appIcon */;
			targetProxy = 6B143EF91E7630EA00757946 /* PBXContainerItemProxy */;
		};
/* End PBXTargetDependency section */

/* Begin PBXVariantGroup section */
		6B143EE51E7630EA00757946 /* Main.storyboard */ = {
			isa = PBXVariantGroup;
			children = (
				6B143EE61E7630EA00757946 /* Base */,
			);
			name = Main.storyboard;
			sourceTree = "<group>";
		};
/* End PBXVariantGroup section */

/* Begin XCBuildConfiguration section */
		6B143EFF1E7630EA00757946 /* Debug */ = {
			isa = XCBuildConfiguration;
			buildSettings = {
				ALWAYS_SEARCH_USER_PATHS = NO;
				CLANG_ANALYZER_NONNULL = YES;
				CLANG_CXX_LANGUAGE_STANDARD = "gnu++0x";
				CLANG_CXX_LIBRARY = "libc++";
				CLANG_ENABLE_MODULES = YES;
				CLANG_ENABLE_OBJC_ARC = YES;
				CLANG_WARN_BOOL_CONVERSION = YES;
				CLANG_WARN_CONSTANT_CONVERSION = YES;
				CLANG_WARN_DIRECT_OBJC_ISA_USAGE = YES_ERROR;
				CLANG_WARN_DOCUMENTATION_COMMENTS = YES;
				CLANG_WARN_EMPTY_BODY = YES;
				CLANG_WARN_ENUM_CONVERSION = YES;
				CLANG_WARN_INFINITE_RECURSION = YES;
				CLANG_WARN_INT_CONVERSION = YES;
				CLANG_WARN_OBJC_ROOT_CLASS = YES_ERROR;
				CLANG_WARN_SUSPICIOUS_MOVE = YES;
				CLANG_WARN_UNREACHABLE_CODE = YES;
				CLANG_WARN__DUPLICATE_METHOD_MATCH = YES;
				CODE_SIGN_IDENTITY = "-";
				COPY_PHASE_STRIP = NO;
				DEBUG_INFORMATION_FORMAT = dwarf;
				ENABLE_STRICT_OBJC_MSGSEND = YES;
				ENABLE_TESTABILITY = YES;
				GCC_C_LANGUAGE_STANDARD = gnu99;
				GCC_DYNAMIC_NO_PIC = NO;
				GCC_NO_COMMON_BLOCKS = YES;
				GCC_OPTIMIZATION_LEVEL = 0;
				GCC_PREPROCESSOR_DEFINITIONS = (
					"DEBUG=1",
					"$(inherited)",
				);
				GCC_WARN_64_TO_32_BIT_CONVERSION = YES;
				GCC_WARN_ABOUT_RETURN_TYPE = YES_ERROR;
				GCC_WARN_UNDECLARED_SELECTOR = YES;
				GCC_WARN_UNINITIALIZED_AUTOS = YES_AGGRESSIVE;
				GCC_WARN_UNUSED_FUNCTION = YES;
				GCC_WARN_UNUSED_VARIABLE = YES;
				MACOSX_DEPLOYMENT_TARGET = 10.12;
				MTL_ENABLE_DEBUG_INFO = YES;
				ONLY_ACTIVE_ARCH = YES;
				SDKROOT = macosx;
			};
			name = Debug;
		};
		6B143F001E7630EA00757946 /* Release */ = {
			isa = XCBuildConfiguration;
			buildSettings = {
				ALWAYS_SEARCH_USER_PATHS = NO;
				CLANG_ANALYZER_NONNULL = YES;
				CLANG_CXX_LANGUAGE_STANDARD = "gnu++0x";
				CLANG_CXX_LIBRARY = "libc++";
				CLANG_ENABLE_MODULES = YES;
				CLANG_ENABLE_OBJC_ARC = YES;
				CLANG_WARN_BOOL_CONVERSION = YES;
				CLANG_WARN_CONSTANT_CONVERSION = YES;
				CLANG_WARN_DIRECT_OBJC_ISA_USAGE = YES_ERROR;
				CLANG_WARN_DOCUMENTATION_COMMENTS = YES;
				CLANG_WARN_EMPTY_BODY = YES;
				CLANG_WARN_ENUM_CONVERSION = YES;
				CLANG_WARN_INFINITE_RECURSION = YES;
				CLANG_WARN_INT_CONVERSION = YES;
				CLANG_WARN_OBJC_ROOT_CLASS = YES_ERROR;
				CLANG_WARN_SUSPICIOUS_MOVE = YES;
				CLANG_WARN_UNREACHABLE_CODE = YES;
				CLANG_WARN__DUPLICATE_METHOD_MATCH = YES;
				CODE_SIGN_IDENTITY = "-";
				COPY_PHASE_STRIP = NO;
				DEBUG_INFORMATION_FORMAT = "dwarf-with-dsym";
				ENABLE_NS_ASSERTIONS = NO;
				ENABLE_STRICT_OBJC_MSGSEND = YES;
				GCC_C_LANGUAGE_STANDARD = gnu99;
				GCC_NO_COMMON_BLOCKS = YES;
				GCC_WARN_64_TO_32_BIT_CONVERSION = YES;
				GCC_WARN_ABOUT_RETURN_TYPE = YES_ERROR;
				GCC_WARN_UNDECLARED_SELECTOR = YES;
				GCC_WARN_UNINITIALIZED_AUTOS = YES_AGGRESSIVE;
				GCC_WARN_UNUSED_FUNCTION = YES;
				GCC_WARN_UNUSED_VARIABLE = YES;
				MACOSX_DEPLOYMENT_TARGET = 10.12;
				MTL_ENABLE_DEBUG_INFO = NO;
				SDKROOT = macosx;
			};
			name = Release;
		};
		6B143F021E7630EA00757946 /* Debug */ = {
			isa = XCBuildConfiguration;
			buildSettings = {
				ASSETCATALOG_COMPILER_APPICON_NAME = AppIcon;
				COMBINE_HIDPI_IMAGES = YES;
				DEVELOPMENT_TEAM = F8A66433ZE;
				INFOPLIST_FILE = appIcon/Info.plist;
				LD_RUNPATH_SEARCH_PATHS = "$(inherited) @executable_path/../Frameworks";
				MACOSX_DEPLOYMENT_TARGET = 10.8;
				PRODUCT_BUNDLE_IDENTIFIER = cn.phone.appIcon;
				PRODUCT_NAME = "$(TARGET_NAME)";
			};
			name = Debug;
		};
		6B143F031E7630EA00757946 /* Release */ = {
			isa = XCBuildConfiguration;
			buildSettings = {
				ASSETCATALOG_COMPILER_APPICON_NAME = AppIcon;
				COMBINE_HIDPI_IMAGES = YES;
				DEVELOPMENT_TEAM = F8A66433ZE;
				INFOPLIST_FILE = appIcon/Info.plist;
				LD_RUNPATH_SEARCH_PATHS = "$(inherited) @executable_path/../Frameworks";
				MACOSX_DEPLOYMENT_TARGET = 10.8;
				PRODUCT_BUNDLE_IDENTIFIER = cn.phone.appIcon;
				PRODUCT_NAME = "$(TARGET_NAME)";
			};
			name = Release;
		};
		6B143F051E7630EA00757946 /* Debug */ = {
			isa = XCBuildConfiguration;
			buildSettings = {
				BUNDLE_LOADER = "$(TEST_HOST)";
				COMBINE_HIDPI_IMAGES = YES;
				DEVELOPMENT_TEAM = F8A66433ZE;
				INFOPLIST_FILE = appIconTests/Info.plist;
				LD_RUNPATH_SEARCH_PATHS = "$(inherited) @executable_path/../Frameworks @loader_path/../Frameworks";
				PRODUCT_BUNDLE_IDENTIFIER = cn.phone.appIconTests;
				PRODUCT_NAME = "$(TARGET_NAME)";
				TEST_HOST = "$(BUILT_PRODUCTS_DIR)/appIcon.app/Contents/MacOS/appIcon";
			};
			name = Debug;
		};
		6B143F061E7630EA00757946 /* Release */ = {
			isa = XCBuildConfiguration;
			buildSettings = {
				BUNDLE_LOADER = "$(TEST_HOST)";
				COMBINE_HIDPI_IMAGES = YES;
				DEVELOPMENT_TEAM = F8A66433ZE;
				INFOPLIST_FILE = appIconTests/Info.plist;
				LD_RUNPATH_SEARCH_PATHS = "$(inherited) @executable_path/../Frameworks @loader_path/../Frameworks";
				PRODUCT_BUNDLE_IDENTIFIER = cn.phone.appIconTests;
				PRODUCT_NAME = "$(TARGET_NAME)";
				TEST_HOST = "$(BUILT_PRODUCTS_DIR)/appIcon.app/Contents/MacOS/appIcon";
			};
			name = Release;
		};
		6B143F081E7630EA00757946 /* Debug */ = {
			isa = XCBuildConfiguration;
			buildSettings = {
				COMBINE_HIDPI_IMAGES = YES;
				DEVELOPMENT_TEAM = F8A66433ZE;
				INFOPLIST_FILE = appIconUITests/Info.plist;
				LD_RUNPATH_SEARCH_PATHS = "$(inherited) @executable_path/../Frameworks @loader_path/../Frameworks";
				PRODUCT_BUNDLE_IDENTIFIER = cn.phone.appIconUITests;
				PRODUCT_NAME = "$(TARGET_NAME)";
				TEST_TARGET_NAME = appIcon;
			};
			name = Debug;
		};
		6B143F091E7630EA00757946 /* Release */ = {
			isa = XCBuildConfiguration;
			buildSettings = {
				COMBINE_HIDPI_IMAGES = YES;
				DEVELOPMENT_TEAM = F8A66433ZE;
				INFOPLIST_FILE = appIconUITests/Info.plist;
				LD_RUNPATH_SEARCH_PATHS = "$(inherited) @executable_path/../Frameworks @loader_path/../Frameworks";
				PRODUCT_BUNDLE_IDENTIFIER = cn.phone.appIconUITests;
				PRODUCT_NAME = "$(TARGET_NAME)";
				TEST_TARGET_NAME = appIcon;
			};
			name = Release;
		};
/* End XCBuildConfiguration section */

/* Begin XCConfigurationList section */
		6B143ED21E7630EA00757946 /* Build configuration list for PBXProject "appIcon" */ = {
			isa = XCConfigurationList;
			buildConfigurations = (
				6B143EFF1E7630EA00757946 /* Debug */,
				6B143F001E7630EA00757946 /* Release */,
			);
			defaultConfigurationIsVisible = 0;
			defaultConfigurationName = Release;
		};
		6B143F011E7630EA00757946 /* Build configuration list for PBXNativeTarget "appIcon" */ = {
			isa = XCConfigurationList;
			buildConfigurations = (
				6B143F021E7630EA00757946 /* Debug */,
				6B143F031E7630EA00757946 /* Release */,
			);
			defaultConfigurationIsVisible = 0;
			defaultConfigurationName = Release;
		};
		6B143F041E7630EA00757946 /* Build configuration list for PBXNativeTarget "appIconTests" */ = {
			isa = XCConfigurationList;
			buildConfigurations = (
				6B143F051E7630EA00757946 /* Debug */,
				6B143F061E7630EA00757946 /* Release */,
			);
			defaultConfigurationIsVisible = 0;
			defaultConfigurationName = Release;
		};
		6B143F071E7630EA00757946 /* Build configuration list for PBXNativeTarget "appIconUITests" */ = {
			isa = XCConfigurationList;
			buildConfigurations = (
				6B143F081E7630EA00757946 /* Debug */,
				6B143F091E7630EA00757946 /* Release */,
			);
			defaultConfigurationIsVisible = 0;
			defaultConfigurationName = Release;
		};
/* End XCConfigurationList section */
	};
	rootObject = 6B143ECF1E7630EA00757946 /* Project object */;
}
